// !$*UTF8*$!
{
	archiveVersion = 1;
	classes = {
	};
	objectVersion = 77;
	objects = {

/* Begin PBXBuildFile section */
		2D1E14556B2238327055E1BE /* Pods_FilterGroupViewDemo.framework in Frameworks */ = {isa = PBXBuildFile; fileRef = D51B601BA87CF2B2F626FEA1 /* Pods_FilterGroupViewDemo.framework */; };
		A0AF1F992DBA1ED300C53BD3 /* AppDelegate.swift in Sources */ = {isa = PBXBuildFile; fileRef = A0AF1F8F2DBA1ED300C53BD3 /* AppDelegate.swift */; };
		A0AF1F9A2DBA1ED300C53BD3 /* SceneDelegate.swift in Sources */ = {isa = PBXBuildFile; fileRef = A0AF1F962DBA1ED300C53BD3 /* SceneDelegate.swift */; };
		A0AF1F9B2DBA1ED300C53BD3 /* ViewController.swift in Sources */ = {isa = PBXBuildFile; fileRef = A0AF1F972DBA1ED300C53BD3 /* ViewController.swift */; };
		A0AF1F9C2DBA1ED300C53BD3 /* Assets.xcassets in Resources */ = {isa = PBXBuildFile; fileRef = A0AF1F902DBA1ED300C53BD3 /* Assets.xcassets */; };
		A0AF1F9E2DBA1ED300C53BD3 /* LaunchScreen.storyboard in Resources */ = {isa = PBXBuildFile; fileRef = A0AF1F932DBA1ED300C53BD3 /* LaunchScreen.storyboard */; };
		A0AF1F9F2DBA1ED300C53BD3 /* Main.storyboard in Resources */ = {isa = PBXBuildFile; fileRef = A0AF1F952DBA1ED300C53BD3 /* Main.storyboard */; };
		A0AF1FA62DBA1F4300C53BD3 /* FilterGroupModel.swift in Sources */ = {isa = PBXBuildFile; fileRef = A0AF1FA22DBA1F4300C53BD3 /* FilterGroupModel.swift */; };
		A0AF1FA72DBA1F4300C53BD3 /* FilterGroupSectionHeaderView.swift in Sources */ = {isa = PBXBuildFile; fileRef = A0AF1FA32DBA1F4300C53BD3 /* FilterGroupSectionHeaderView.swift */; };
		A0AF1FA82DBA1F4300C53BD3 /* ActionsheetHeader.swift in Sources */ = {isa = PBXBuildFile; fileRef = A0AF1FA02DBA1F4300C53BD3 /* ActionsheetHeader.swift */; };
		A0AF1FA92DBA1F4300C53BD3 /* FilterGroupView.swift in Sources */ = {isa = PBXBuildFile; fileRef = A0AF1FA42DBA1F4300C53BD3 /* FilterGroupView.swift */; };
		A0AF1FAA2DBA1F4300C53BD3 /* FilterGroupCell.swift in Sources */ = {isa = PBXBuildFile; fileRef = A0AF1FA12DBA1F4300C53BD3 /* FilterGroupCell.swift */; };
		A0AF1FAC2DBA208B00C53BD3 /* UIViewExtensions.swift in Sources */ = {isa = PBXBuildFile; fileRef = A0AF1FAB2DBA208B00C53BD3 /* UIViewExtensions.swift */; };
/* End PBXBuildFile section */

/* Begin PBXFileReference section */
		2E2414ED2AB7EF162A9823B1 /* Pods-FilterGroupViewDemo.release.xcconfig */ = {isa = PBXFileReference; includeInIndex = 1; lastKnownFileType = text.xcconfig; name = "Pods-FilterGroupViewDemo.release.xcconfig"; path = "Target Support Files/Pods-FilterGroupViewDemo/Pods-FilterGroupViewDemo.release.xcconfig"; sourceTree = "<group>"; };
		4F0EBCA4818F1891620388F8 /* Pods-FilterGroupViewDemo.debug.xcconfig */ = {isa = PBXFileReference; includeInIndex = 1; lastKnownFileType = text.xcconfig; name = "Pods-FilterGroupViewDemo.debug.xcconfig"; path = "Target Support Files/Pods-FilterGroupViewDemo/Pods-FilterGroupViewDemo.debug.xcconfig"; sourceTree = "<group>"; };
		A0AF1F772DBA1ECC00C53BD3 /* FilterGroupViewDemo.app */ = {isa = PBXFileReference; explicitFileType = wrapper.application; includeInIndex = 0; path = FilterGroupViewDemo.app; sourceTree = BUILT_PRODUCTS_DIR; };
		A0AF1F8F2DBA1ED300C53BD3 /* AppDelegate.swift */ = {isa = PBXFileReference; lastKnownFileType = sourcecode.swift; path = AppDelegate.swift; sourceTree = "<group>"; };
		A0AF1F902DBA1ED300C53BD3 /* Assets.xcassets */ = {isa = PBXFileReference; lastKnownFileType = folder.assetcatalog; path = Assets.xcassets; sourceTree = "<group>"; };
		A0AF1F912DBA1ED300C53BD3 /* Info.plist */ = {isa = PBXFileReference; lastKnownFileType = text.plist.xml; path = Info.plist; sourceTree = "<group>"; };
		A0AF1F922DBA1ED300C53BD3 /* Base */ = {isa = PBXFileReference; lastKnownFileType = file.storyboard; name = Base; path = Base.lproj/LaunchScreen.storyboard; sourceTree = "<group>"; };
		A0AF1F942DBA1ED300C53BD3 /* Base */ = {isa = PBXFileReference; lastKnownFileType = file.storyboard; name = Base; path = Base.lproj/Main.storyboard; sourceTree = "<group>"; };
		A0AF1F962DBA1ED300C53BD3 /* SceneDelegate.swift */ = {isa = PBXFileReference; lastKnownFileType = sourcecode.swift; path = SceneDelegate.swift; sourceTree = "<group>"; };
		A0AF1F972DBA1ED300C53BD3 /* ViewController.swift */ = {isa = PBXFileReference; lastKnownFileType = sourcecode.swift; path = ViewController.swift; sourceTree = "<group>"; };
		A0AF1FA02DBA1F4300C53BD3 /* ActionsheetHeader.swift */ = {isa = PBXFileReference; lastKnownFileType = sourcecode.swift; path = ActionsheetHeader.swift; sourceTree = "<group>"; };
		A0AF1FA12DBA1F4300C53BD3 /* FilterGroupCell.swift */ = {isa = PBXFileReference; lastKnownFileType = sourcecode.swift; path = FilterGroupCell.swift; sourceTree = "<group>"; };
		A0AF1FA22DBA1F4300C53BD3 /* FilterGroupModel.swift */ = {isa = PBXFileReference; lastKnownFileType = sourcecode.swift; path = FilterGroupModel.swift; sourceTree = "<group>"; };
		A0AF1FA32DBA1F4300C53BD3 /* FilterGroupSectionHeaderView.swift */ = {isa = PBXFileReference; lastKnownFileType = sourcecode.swift; path = FilterGroupSectionHeaderView.swift; sourceTree = "<group>"; };
		A0AF1FA42DBA1F4300C53BD3 /* FilterGroupView.swift */ = {isa = PBXFileReference; lastKnownFileType = sourcecode.swift; path = FilterGroupView.swift; sourceTree = "<group>"; };
		A0AF1FAB2DBA208B00C53BD3 /* UIViewExtensions.swift */ = {isa = PBXFileReference; lastKnownFileType = sourcecode.swift; path = UIViewExtensions.swift; sourceTree = "<group>"; };
		D51B601BA87CF2B2F626FEA1 /* Pods_FilterGroupViewDemo.framework */ = {isa = PBXFileReference; explicitFileType = wrapper.framework; includeInIndex = 0; path = Pods_FilterGroupViewDemo.framework; sourceTree = BUILT_PRODUCTS_DIR; };
/* End PBXFileReference section */

/* Begin PBXFrameworksBuildPhase section */
		A0AF1F742DBA1ECC00C53BD3 /* Frameworks */ = {
			isa = PBXFrameworksBuildPhase;
			buildActionMask = 2147483647;
			files = (
				2D1E14556B2238327055E1BE /* Pods_FilterGroupViewDemo.framework in Frameworks */,
			);
			runOnlyForDeploymentPostprocessing = 0;
		};
/* End PBXFrameworksBuildPhase section */

/* Begin PBXGroup section */
		7170D82D689FCAA2EE0730D7 /* Pods */ = {
			isa = PBXGroup;
			children = (
				4F0EBCA4818F1891620388F8 /* Pods-FilterGroupViewDemo.debug.xcconfig */,
				2E2414ED2AB7EF162A9823B1 /* Pods-FilterGroupViewDemo.release.xcconfig */,
			);
			path = Pods;
			sourceTree = "<group>";
		};
		A0AF1F6E2DBA1ECC00C53BD3 = {
			isa = PBXGroup;
			children = (
				A0AF1F982DBA1ED300C53BD3 /* FilterGroupViewDemo */,
				A0AF1F782DBA1ECC00C53BD3 /* Products */,
				7170D82D689FCAA2EE0730D7 /* Pods */,
				BAC94B69C4F232A256F1E95F /* Frameworks */,
			);
			sourceTree = "<group>";
		};
		A0AF1F782DBA1ECC00C53BD3 /* Products */ = {
			isa = PBXGroup;
			children = (
				A0AF1F772DBA1ECC00C53BD3 /* FilterGroupViewDemo.app */,
			);
			name = Products;
			sourceTree = "<group>";
		};
		A0AF1F982DBA1ED300C53BD3 /* FilterGroupViewDemo */ = {
			isa = PBXGroup;
			children = (
				A0AF1FA52DBA1F4300C53BD3 /* FilterGroupView */,
				A0AF1F8F2DBA1ED300C53BD3 /* AppDelegate.swift */,
				A0AF1F902DBA1ED300C53BD3 /* Assets.xcassets */,
				A0AF1F912DBA1ED300C53BD3 /* Info.plist */,
				A0AF1F932DBA1ED300C53BD3 /* LaunchScreen.storyboard */,
				A0AF1F952DBA1ED300C53BD3 /* Main.storyboard */,
				A0AF1F962DBA1ED300C53BD3 /* SceneDelegate.swift */,
				A0AF1F972DBA1ED300C53BD3 /* ViewController.swift */,
				A0AF1FAB2DBA208B00C53BD3 /* UIViewExtensions.swift */,
			);
			path = FilterGroupViewDemo;
			sourceTree = "<group>";
		};
		A0AF1FA52DBA1F4300C53BD3 /* FilterGroupView */ = {
			isa = PBXGroup;
			children = (
				A0AF1FA02DBA1F4300C53BD3 /* ActionsheetHeader.swift */,
				A0AF1FA12DBA1F4300C53BD3 /* FilterGroupCell.swift */,
				A0AF1FA22DBA1F4300C53BD3 /* FilterGroupModel.swift */,
				A0AF1FA32DBA1F4300C53BD3 /* FilterGroupSectionHeaderView.swift */,
				A0AF1FA42DBA1F4300C53BD3 /* FilterGroupView.swift */,
			);
			path = FilterGroupView;
			sourceTree = "<group>";
		};
		BAC94B69C4F232A256F1E95F /* Frameworks */ = {
			isa = PBXGroup;
			children = (
				D51B601BA87CF2B2F626FEA1 /* Pods_FilterGroupViewDemo.framework */,
			);
			name = Frameworks;
			sourceTree = "<group>";
		};
/* End PBXGroup section */

/* Begin PBXNativeTarget section */
		A0AF1F762DBA1ECC00C53BD3 /* FilterGroupViewDemo */ = {
			isa = PBXNativeTarget;
			buildConfigurationList = A0AF1F8A2DBA1ECD00C53BD3 /* Build configuration list for PBXNativeTarget "FilterGroupViewDemo" */;
			buildPhases = (
				52289E52FE24CC623AA85556 /* [CP] Check Pods Manifest.lock */,
				A0AF1F732DBA1ECC00C53BD3 /* Sources */,
				A0AF1F742DBA1ECC00C53BD3 /* Frameworks */,
				A0AF1F752DBA1ECC00C53BD3 /* Resources */,
				B935484C83BA9BC6E656F5C6 /* [CP] Embed Pods Frameworks */,
			);
			buildRules = (
			);
			dependencies = (
			);
			name = FilterGroupViewDemo;
			productName = FilterGroupViewDemo;
			productReference = A0AF1F772DBA1ECC00C53BD3 /* FilterGroupViewDemo.app */;
			productType = "com.apple.product-type.application";
		};
/* End PBXNativeTarget section */

/* Begin PBXProject section */
		A0AF1F6F2DBA1ECC00C53BD3 /* Project object */ = {
			isa = PBXProject;
			attributes = {
				BuildIndependentTargetsInParallel = 1;
				LastSwiftUpdateCheck = 1620;
				LastUpgradeCheck = 1620;
				TargetAttributes = {
					A0AF1F762DBA1ECC00C53BD3 = {
						CreatedOnToolsVersion = 16.2;
					};
				};
			};
			buildConfigurationList = A0AF1F722DBA1ECC00C53BD3 /* Build configuration list for PBXProject "FilterGroupViewDemo" */;
			developmentRegion = en;
			hasScannedForEncodings = 0;
			knownRegions = (
				en,
				Base,
			);
			mainGroup = A0AF1F6E2DBA1ECC00C53BD3;
			minimizedProjectReferenceProxies = 1;
			preferredProjectObjectVersion = 77;
			productRefGroup = A0AF1F782DBA1ECC00C53BD3 /* Products */;
			projectDirPath = "";
			projectRoot = "";
			targets = (
				A0AF1F762DBA1ECC00C53BD3 /* FilterGroupViewDemo */,
			);
		};
/* End PBXProject section */

/* Begin PBXResourcesBuildPhase section */
		A0AF1F752DBA1ECC00C53BD3 /* Resources */ = {
			isa = PBXResourcesBuildPhase;
			buildActionMask = 2147483647;
			files = (
				A0AF1F9C2DBA1ED300C53BD3 /* Assets.xcassets in Resources */,
				A0AF1F9E2DBA1ED300C53BD3 /* LaunchScreen.storyboard in Resources */,
				A0AF1F9F2DBA1ED300C53BD3 /* Main.storyboard in Resources */,
			);
			runOnlyForDeploymentPostprocessing = 0;
		};
/* End PBXResourcesBuildPhase section */

/* Begin PBXShellScriptBuildPhase section */
		52289E52FE24CC623AA85556 /* [CP] Check Pods Manifest.lock */ = {
			isa = PBXShellScriptBuildPhase;
			buildActionMask = 2147483647;
			files = (
			);
			inputFileListPaths = (
			);
			inputPaths = (
				"${PODS_PODFILE_DIR_PATH}/Podfile.lock",
				"${PODS_ROOT}/Manifest.lock",
			);
			name = "[CP] Check Pods Manifest.lock";
			outputFileListPaths = (
			);
			outputPaths = (
				"$(DERIVED_FILE_DIR)/Pods-FilterGroupViewDemo-checkManifestLockResult.txt",
			);
			runOnlyForDeploymentPostprocessing = 0;
			shellPath = /bin/sh;
			shellScript = "diff \"${PODS_PODFILE_DIR_PATH}/Podfile.lock\" \"${PODS_ROOT}/Manifest.lock\" > /dev/null\nif [ $? != 0 ] ; then\n    # print error to STDERR\n    echo \"error: The sandbox is not in sync with the Podfile.lock. Run 'pod install' or update your CocoaPods installation.\" >&2\n    exit 1\nfi\n# This output is used by Xcode 'outputs' to avoid re-running this script phase.\necho \"SUCCESS\" > \"${SCRIPT_OUTPUT_FILE_0}\"\n";
			showEnvVarsInLog = 0;
		};
		B935484C83BA9BC6E656F5C6 /* [CP] Embed Pods Frameworks */ = {
			isa = PBXShellScriptBuildPhase;
			buildActionMask = 2147483647;
			files = (
			);
			inputFileListPaths = (
				"${PODS_ROOT}/Target Support Files/Pods-FilterGroupViewDemo/Pods-FilterGroupViewDemo-frameworks-${CONFIGURATION}-input-files.xcfilelist",
			);
			name = "[CP] Embed Pods Frameworks";
			outputFileListPaths = (
				"${PODS_ROOT}/Target Support Files/Pods-FilterGroupViewDemo/Pods-FilterGroupViewDemo-frameworks-${CONFIGURATION}-output-files.xcfilelist",
			);
			runOnlyForDeploymentPostprocessing = 0;
			shellPath = /bin/sh;
			shellScript = "\"${PODS_ROOT}/Target Support Files/Pods-FilterGroupViewDemo/Pods-FilterGroupViewDemo-frameworks.sh\"\n";
			showEnvVarsInLog = 0;
		};
/* End PBXShellScriptBuildPhase section */

/* Begin PBXSourcesBuildPhase section */
		A0AF1F732DBA1ECC00C53BD3 /* Sources */ = {
			isa = PBXSourcesBuildPhase;
			buildActionMask = 2147483647;
			files = (
				A0AF1F992DBA1ED300C53BD3 /* AppDelegate.swift in Sources */,
				A0AF1FA62DBA1F4300C53BD3 /* FilterGroupModel.swift in Sources */,
				A0AF1FA72DBA1F4300C53BD3 /* FilterGroupSectionHeaderView.swift in Sources */,
				A0AF1FA82DBA1F4300C53BD3 /* ActionsheetHeader.swift in Sources */,
				A0AF1FA92DBA1F4300C53BD3 /* FilterGroupView.swift in Sources */,
				A0AF1FAA2DBA1F4300C53BD3 /* FilterGroupCell.swift in Sources */,
				A0AF1F9A2DBA1ED300C53BD3 /* SceneDelegate.swift in Sources */,
				A0AF1FAC2DBA208B00C53BD3 /* UIViewExtensions.swift in Sources */,
				A0AF1F9B2DBA1ED300C53BD3 /* ViewController.swift in Sources */,
			);
			runOnlyForDeploymentPostprocessing = 0;
		};
/* End PBXSourcesBuildPhase section */

/* Begin PBXVariantGroup section */
		A0AF1F932DBA1ED300C53BD3 /* LaunchScreen.storyboard */ = {
			isa = PBXVariantGroup;
			children = (
				A0AF1F922DBA1ED300C53BD3 /* Base */,
			);
			name = LaunchScreen.storyboard;
			sourceTree = "<group>";
		};
		A0AF1F952DBA1ED300C53BD3 /* Main.storyboard */ = {
			isa = PBXVariantGroup;
			children = (
				A0AF1F942DBA1ED300C53BD3 /* Base */,
			);
			name = Main.storyboard;
			sourceTree = "<group>";
		};
/* End PBXVariantGroup section */

/* Begin XCBuildConfiguration section */
		A0AF1F8B2DBA1ECD00C53BD3 /* Debug */ = {
			isa = XCBuildConfiguration;
			baseConfigurationReference = 4F0EBCA4818F1891620388F8 /* Pods-FilterGroupViewDemo.debug.xcconfig */;
			buildSettings = {
				ASSETCATALOG_COMPILER_APPICON_NAME = AppIcon;
				ASSETCATALOG_COMPILER_GLOBAL_ACCENT_COLOR_NAME = AccentColor;
				CODE_SIGN_STYLE = Automatic;
				CURRENT_PROJECT_VERSION = 1;
				DEVELOPMENT_TEAM = YEAF8YMCJ6;
				ENABLE_USER_SCRIPT_SANDBOXING = NO;
				GENERATE_INFOPLIST_FILE = YES;
				INFOPLIST_FILE = FilterGroupViewDemo/Info.plist;
				INFOPLIST_KEY_UIApplicationSupportsIndirectInputEvents = YES;
				INFOPLIST_KEY_UILaunchStoryboardName = LaunchScreen;
				INFOPLIST_KEY_UIMainStoryboardFile = Main;
				INFOPLIST_KEY_UISupportedInterfaceOrientations_iPad = "UIInterfaceOrientationPortrait UIInterfaceOrientationPortraitUpsideDown UIInterfaceOrientationLandscapeLeft UIInterfaceOrientationLandscapeRight";
				INFOPLIST_KEY_UISupportedInterfaceOrientations_iPhone = "UIInterfaceOrientationPortrait UIInterfaceOrientationLandscapeLeft UIInterfaceOrientationLandscapeRight";
				LD_RUNPATH_SEARCH_PATHS = (
					"$(inherited)",
					"@executable_path/Frameworks",
				);
				MARKETING_VERSION = 1.0;
				PRODUCT_BUNDLE_IDENTIFIER = com.fyqx.www.FilterGroupViewDemo;
				PRODUCT_NAME = "$(TARGET_NAME)";
				SWIFT_EMIT_LOC_STRINGS = YES;
				SWIFT_VERSION = 5.0;
				TARGETED_DEVICE_FAMILY = "1,2";
			};
			name = Debug;
		};
		A0AF1F8C2DBA1ECD00C53BD3 /* Release */ = {
			isa = XCBuildConfiguration;
			baseConfigurationReference = 2E2414ED2AB7EF162A9823B1 /* Pods-FilterGroupViewDemo.release.xcconfig */;
			buildSettings = {
				ASSETCATALOG_COMPILER_APPICON_NAME = AppIcon;
				ASSETCATALOG_COMPILER_GLOBAL_ACCENT_COLOR_NAME = AccentColor;
				CODE_SIGN_STYLE = Automatic;
				CURRENT_PROJECT_VERSION = 1;
				DEVELOPMENT_TEAM = YEAF8YMCJ6;
				ENABLE_USER_SCRIPT_SANDBOXING = NO;
				GENERATE_INFOPLIST_FILE = YES;
				INFOPLIST_FILE = FilterGroupViewDemo/Info.plist;
				INFOPLIST_KEY_UIApplicationSupportsIndirectInputEvents = YES;
				INFOPLIST_KEY_UILaunchStoryboardName = LaunchScreen;
				INFOPLIST_KEY_UIMainStoryboardFile = Main;
				INFOPLIST_KEY_UISupportedInterfaceOrientations_iPad = "UIInterfaceOrientationPortrait UIInterfaceOrientationPortraitUpsideDown UIInterfaceOrientationLandscapeLeft UIInterfaceOrientationLandscapeRight";
				INFOPLIST_KEY_UISupportedInterfaceOrientations_iPhone = "UIInterfaceOrientationPortrait UIInterfaceOrientationLandscapeLeft UIInterfaceOrientationLandscapeRight";
				LD_RUNPATH_SEARCH_PATHS = (
					"$(inherited)",
					"@executable_path/Frameworks",
				);
				MARKETING_VERSION = 1.0;
				PRODUCT_BUNDLE_IDENTIFIER = com.fyqx.www.FilterGroupViewDemo;
				PRODUCT_NAME = "$(TARGET_NAME)";
				SWIFT_EMIT_LOC_STRINGS = YES;
				SWIFT_VERSION = 5.0;
				TARGETED_DEVICE_FAMILY = "1,2";
			};
			name = Release;
		};
		A0AF1F8D2DBA1ECD00C53BD3 /* Debug */ = {
			isa = XCBuildConfiguration;
			buildSettings = {
				ALWAYS_SEARCH_USER_PATHS = NO;
				ASSETCATALOG_COMPILER_GENERATE_SWIFT_ASSET_SYMBOL_EXTENSIONS = YES;
				CLANG_ANALYZER_NONNULL = YES;
				CLANG_ANALYZER_NUMBER_OBJECT_CONVERSION = YES_AGGRESSIVE;
				CLANG_CXX_LANGUAGE_STANDARD = "gnu++20";
				CLANG_ENABLE_MODULES = YES;
				CLANG_ENABLE_OBJC_ARC = YES;
				CLANG_ENABLE_OBJC_WEAK = YES;
				CLANG_WARN_BLOCK_CAPTURE_AUTORELEASING = YES;
				CLANG_WARN_BOOL_CONVERSION = YES;
				CLANG_WARN_COMMA = YES;
				CLANG_WARN_CONSTANT_CONVERSION = YES;
				CLANG_WARN_DEPRECATED_OBJC_IMPLEMENTATIONS = YES;
				CLANG_WARN_DIRECT_OBJC_ISA_USAGE = YES_ERROR;
				CLANG_WARN_DOCUMENTATION_COMMENTS = YES;
				CLANG_WARN_EMPTY_BODY = YES;
				CLANG_WARN_ENUM_CONVERSION = YES;
				CLANG_WARN_INFINITE_RECURSION = YES;
				CLANG_WARN_INT_CONVERSION = YES;
				CLANG_WARN_NON_LITERAL_NULL_CONVERSION = YES;
				CLANG_WARN_OBJC_IMPLICIT_RETAIN_SELF = YES;
				CLANG_WARN_OBJC_LITERAL_CONVERSION = YES;
				CLANG_WARN_OBJC_ROOT_CLASS = YES_ERROR;
				CLANG_WARN_QUOTED_INCLUDE_IN_FRAMEWORK_HEADER = YES;
				CLANG_WARN_RANGE_LOOP_ANALYSIS = YES;
				CLANG_WARN_STRICT_PROTOTYPES = YES;
				CLANG_WARN_SUSPICIOUS_MOVE = YES;
				CLANG_WARN_UNGUARDED_AVAILABILITY = YES_AGGRESSIVE;
				CLANG_WARN_UNREACHABLE_CODE = YES;
				CLANG_WARN__DUPLICATE_METHOD_MATCH = YES;
				COPY_PHASE_STRIP = NO;
				DEBUG_INFORMATION_FORMAT = dwarf;
				ENABLE_STRICT_OBJC_MSGSEND = YES;
				ENABLE_TESTABILITY = YES;
				ENABLE_USER_SCRIPT_SANDBOXING = YES;
				GCC_C_LANGUAGE_STANDARD = gnu17;
				GCC_DYNAMIC_NO_PIC = NO;
				GCC_NO_COMMON_BLOCKS = YES;
				GCC_OPTIMIZATION_LEVEL = 0;
				GCC_PREPROCESSOR_DEFINITIONS = (
					"DEBUG=1",
					"$(inherited)",
				);
				GCC_WARN_64_TO_32_BIT_CONVERSION = YES;
				GCC_WARN_ABOUT_RETURN_TYPE = YES_ERROR;
				GCC_WARN_UNDECLARED_SELECTOR = YES;
				GCC_WARN_UNINITIALIZED_AUTOS = YES_AGGRESSIVE;
				GCC_WARN_UNUSED_FUNCTION = YES;
				GCC_WARN_UNUSED_VARIABLE = YES;
				IPHONEOS_DEPLOYMENT_TARGET = 18.2;
				LOCALIZATION_PREFERS_STRING_CATALOGS = YES;
				MTL_ENABLE_DEBUG_INFO = INCLUDE_SOURCE;
				MTL_FAST_MATH = YES;
				ONLY_ACTIVE_ARCH = YES;
				SDKROOT = iphoneos;
				SWIFT_ACTIVE_COMPILATION_CONDITIONS = "DEBUG $(inherited)";
				SWIFT_OPTIMIZATION_LEVEL = "-Onone";
			};
			name = Debug;
		};
		A0AF1F8E2DBA1ECD00C53BD3 /* Release */ = {
			isa = XCBuildConfiguration;
			buildSettings = {
				ALWAYS_SEARCH_USER_PATHS = NO;
				ASSETCATALOG_COMPILER_GENERATE_SWIFT_ASSET_SYMBOL_EXTENSIONS = YES;
				CLANG_ANALYZER_NONNULL = YES;
				CLANG_ANALYZER_NUMBER_OBJECT_CONVERSION = YES_AGGRESSIVE;
				CLANG_CXX_LANGUAGE_STANDARD = "gnu++20";
				CLANG_ENABLE_MODULES = YES;
				CLANG_ENABLE_OBJC_ARC = YES;
				CLANG_ENABLE_OBJC_WEAK = YES;
				CLANG_WARN_BLOCK_CAPTURE_AUTORELEASING = YES;
				CLANG_WARN_BOOL_CONVERSION = YES;
				CLANG_WARN_COMMA = YES;
				CLANG_WARN_CONSTANT_CONVERSION = YES;
				CLANG_WARN_DEPRECATED_OBJC_IMPLEMENTATIONS = YES;
				CLANG_WARN_DIRECT_OBJC_ISA_USAGE = YES_ERROR;
				CLANG_WARN_DOCUMENTATION_COMMENTS = YES;
				CLANG_WARN_EMPTY_BODY = YES;
				CLANG_WARN_ENUM_CONVERSION = YES;
				CLANG_WARN_INFINITE_RECURSION = YES;
				CLANG_WARN_INT_CONVERSION = YES;
				CLANG_WARN_NON_LITERAL_NULL_CONVERSION = YES;
				CLANG_WARN_OBJC_IMPLICIT_RETAIN_SELF = YES;
				CLANG_WARN_OBJC_LITERAL_CONVERSION = YES;
				CLANG_WARN_OBJC_ROOT_CLASS = YES_ERROR;
				CLANG_WARN_QUOTED_INCLUDE_IN_FRAMEWORK_HEADER = YES;
				CLANG_WARN_RANGE_LOOP_ANALYSIS = YES;
				CLANG_WARN_STRICT_PROTOTYPES = YES;
				CLANG_WARN_SUSPICIOUS_MOVE = YES;
				CLANG_WARN_UNGUARDED_AVAILABILITY = YES_AGGRESSIVE;
				CLANG_WARN_UNREACHABLE_CODE = YES;
				CLANG_WARN__DUPLICATE_METHOD_MATCH = YES;
				COPY_PHASE_STRIP = NO;
				DEBUG_INFORMATION_FORMAT = "dwarf-with-dsym";
				ENABLE_NS_ASSERTIONS = NO;
				ENABLE_STRICT_OBJC_MSGSEND = YES;
				ENABLE_USER_SCRIPT_SANDBOXING = YES;
				GCC_C_LANGUAGE_STANDARD = gnu17;
				GCC_NO_COMMON_BLOCKS = YES;
				GCC_WARN_64_TO_32_BIT_CONVERSION = YES;
				GCC_WARN_ABOUT_RETURN_TYPE = YES_ERROR;
				GCC_WARN_UNDECLARED_SELECTOR = YES;
				GCC_WARN_UNINITIALIZED_AUTOS = YES_AGGRESSIVE;
				GCC_WARN_UNUSED_FUNCTION = YES;
				GCC_WARN_UNUSED_VARIABLE = YES;
				IPHONEOS_DEPLOYMENT_TARGET = 18.2;
				LOCALIZATION_PREFERS_STRING_CATALOGS = YES;
				MTL_ENABLE_DEBUG_INFO = NO;
				MTL_FAST_MATH = YES;
				SDKROOT = iphoneos;
				SWIFT_COMPILATION_MODE = wholemodule;
				VALIDATE_PRODUCT = YES;
			};
			name = Release;
		};
/* End XCBuildConfiguration section */

/* Begin XCConfigurationList section */
		A0AF1F722DBA1ECC00C53BD3 /* Build configuration list for PBXProject "FilterGroupViewDemo" */ = {
			isa = XCConfigurationList;
			buildConfigurations = (
				A0AF1F8D2DBA1ECD00C53BD3 /* Debug */,
				A0AF1F8E2DBA1ECD00C53BD3 /* Release */,
			);
			defaultConfigurationIsVisible = 0;
			defaultConfigurationName = Release;
		};
		A0AF1F8A2DBA1ECD00C53BD3 /* Build configuration list for PBXNativeTarget "FilterGroupViewDemo" */ = {
			isa = XCConfigurationList;
			buildConfigurations = (
				A0AF1F8B2DBA1ECD00C53BD3 /* Debug */,
				A0AF1F8C2DBA1ECD00C53BD3 /* Release */,
			);
			defaultConfigurationIsVisible = 0;
			defaultConfigurationName = Release;
		};
/* End XCConfigurationList section */
	};
	rootObject = A0AF1F6F2DBA1ECC00C53BD3 /* Project object */;
}
